
Microsoft Visual Studio Solution File, Format Version 12.00
# Visual Studio Express 15 for Windows Desktop
VisualStudioVersion = 15.0.28010.2041
MinimumVisualStudioVersion = 10.0.40219.1
Project("{9A19103F-16F7-4668-BE54-9A1E7A4F7556}") = "TrackingWebApi", "WebApiTest\TrackingWebApi.csproj", "{7695A205-B91B-451E-88D0-501C77F7DE15}"
EndProject
Project("{FAE04EC0-301F-11D3-BF4B-00C04F79EFBC}") = "TrackingWebApi.Tests", "WebApi.Tests\TrackingWebApi.Tests.csproj", "{5CBD7EBB-CF42-4140-894D-E8A8B6352A8F}"
EndProject
Global
	GlobalSection(SolutionConfigurationPlatforms) = preSolution
		Debug|Any CPU = Debug|Any CPU
		Release|Any CPU = Release|Any CPU
	EndGlobalSection
	GlobalSection(ProjectConfigurationPlatforms) = postSolution
		{7695A205-B91B-451E-88D0-501C77F7DE15}.Debug|Any CPU.ActiveCfg = Debug|Any CPU
		{7695A205-B91B-451E-88D0-501C77F7DE15}.Debug|Any CPU.Build.0 = Debug|Any CPU
		{7695A205-B91B-451E-88D0-501C77F7DE15}.Release|Any CPU.ActiveCfg = Release|Any CPU
		{7695A205-B91B-451E-88D0-501C77F7DE15}.Release|Any CPU.Build.0 = Release|Any CPU
		{5CBD7EBB-CF42-4140-894D-E8A8B6352A8F}.Debug|Any CPU.ActiveCfg = Debug|Any CPU
		{5CBD7EBB-CF42-4140-894D-E8A8B6352A8F}.Debug|Any CPU.Build.0 = Debug|Any CPU
		{5CBD7EBB-CF42-4140-894D-E8A8B6352A8F}.Release|Any CPU.ActiveCfg = Release|Any CPU
		{5CBD7EBB-CF42-4140-894D-E8A8B6352A8F}.Release|Any CPU.Build.0 = Release|Any CPU
	EndGlobalSection
	GlobalSection(SolutionProperties) = preSolution
		HideSolutionNode = FALSE
	EndGlobalSection
	GlobalSection(ExtensibilityGlobals) = postSolution
		SolutionGuid = {2AC50C2A-D22C-4E74-9A66-7A97F4499860}
	EndGlobalSection
EndGlobal
